
Microsoft Visual Studio Solution File, Format Version 12.00
# Visual Studio Version 17
VisualStudioVersion = 17.14.36109.1 d17.14
MinimumVisualStudioVersion = 10.0.40219.1
Project("{FAE04EC0-301F-11D3-BF4B-00C04F79EFBC}") = "LB9.2", "LB9.2\LB9.2.csproj", "{FCA407C3-7B9D-4678-AB3D-3E29E473186C}"
EndProject
Global
	GlobalSection(SolutionConfigurationPlatforms) = preSolution
		Debug|Any CPU = Debug|Any CPU
		Release|Any CPU = Release|Any CPU
	EndGlobalSection
	GlobalSection(ProjectConfigurationPlatforms) = postSolution
		{FCA407C3-7B9D-4678-AB3D-3E29E473186C}.Debug|Any CPU.ActiveCfg = Debug|Any CPU
		{FCA407C3-7B9D-4678-AB3D-3E29E473186C}.Debug|Any CPU.Build.0 = Debug|Any CPU
		{FCA407C3-7B9D-4678-AB3D-3E29E473186C}.Release|Any CPU.ActiveCfg = Release|Any CPU
		{FCA407C3-7B9D-4678-AB3D-3E29E473186C}.Release|Any CPU.Build.0 = Release|Any CPU
	EndGlobalSection
	GlobalSection(SolutionProperties) = preSolution
		HideSolutionNode = FALSE
	EndGlobalSection
	GlobalSection(ExtensibilityGlobals) = postSolution
		SolutionGuid = {92A2FCAD-FCBA-4195-90B5-BED3DA3AF8D3}
	EndGlobalSection
EndGlobal
