
Microsoft Visual Studio Solution File, Format Version 12.00
# Visual Studio Version 17
VisualStudioVersion = 17.14.36109.1 d17.14
MinimumVisualStudioVersion = 10.0.40219.1
Project("{FAE04EC0-301F-11D3-BF4B-00C04F79EFBC}") = "LB8.2", "LB8.2\LB8.2.csproj", "{369BC78F-A168-447B-9E67-D19F2DCD061A}"
EndProject
Global
	GlobalSection(SolutionConfigurationPlatforms) = preSolution
		Debug|Any CPU = Debug|Any CPU
		Release|Any CPU = Release|Any CPU
	EndGlobalSection
	GlobalSection(ProjectConfigurationPlatforms) = postSolution
		{369BC78F-A168-447B-9E67-D19F2DCD061A}.Debug|Any CPU.ActiveCfg = Debug|Any CPU
		{369BC78F-A168-447B-9E67-D19F2DCD061A}.Debug|Any CPU.Build.0 = Debug|Any CPU
		{369BC78F-A168-447B-9E67-D19F2DCD061A}.Release|Any CPU.ActiveCfg = Release|Any CPU
		{369BC78F-A168-447B-9E67-D19F2DCD061A}.Release|Any CPU.Build.0 = Release|Any CPU
	EndGlobalSection
	GlobalSection(SolutionProperties) = preSolution
		HideSolutionNode = FALSE
	EndGlobalSection
	GlobalSection(ExtensibilityGlobals) = postSolution
		SolutionGuid = {D8B32EB2-5525-49AB-B06B-1471CA400B65}
	EndGlobalSection
EndGlobal
