
Microsoft Visual Studio Solution File, Format Version 12.00
# Visual Studio Version 17
VisualStudioVersion = 17.13.35818.85 d17.13
MinimumVisualStudioVersion = 10.0.40219.1
Project("{FAE04EC0-301F-11D3-BF4B-00C04F79EFBC}") = "LB8.1", "LB8.1.csproj", "{15D61C08-5B0B-4B40-8F16-979FD7B4EDCF}"
EndProject
Global
	GlobalSection(SolutionConfigurationPlatforms) = preSolution
		Debug|Any CPU = Debug|Any CPU
		Release|Any CPU = Release|Any CPU
	EndGlobalSection
	GlobalSection(ProjectConfigurationPlatforms) = postSolution
		{15D61C08-5B0B-4B40-8F16-979FD7B4EDCF}.Debug|Any CPU.ActiveCfg = Debug|Any CPU
		{15D61C08-5B0B-4B40-8F16-979FD7B4EDCF}.Debug|Any CPU.Build.0 = Debug|Any CPU
		{15D61C08-5B0B-4B40-8F16-979FD7B4EDCF}.Release|Any CPU.ActiveCfg = Release|Any CPU
		{15D61C08-5B0B-4B40-8F16-979FD7B4EDCF}.Release|Any CPU.Build.0 = Release|Any CPU
	EndGlobalSection
	GlobalSection(SolutionProperties) = preSolution
		HideSolutionNode = FALSE
	EndGlobalSection
	GlobalSection(ExtensibilityGlobals) = postSolution
		SolutionGuid = {279CA8D7-D9A3-4ADA-8E2A-9FBF694894E1}
	EndGlobalSection
EndGlobal
